
Microsoft Visual Studio Solution File, Format Version 12.00
# Visual Studio 14
VisualStudioVersion = 14.0.25420.1
MinimumVisualStudioVersion = 10.0.40219.1
Project("{2150E333-8FDC-42A3-9474-1A3956D46DE8}") = "Solution Items", "Solution Items", "{B4E1777D-98AA-4E55-8C1A-A567BEDBEDF3}"
	ProjectSection(SolutionItems) = preProject
		computerSoftware.md = computerSoftware.md
		csharp.md = csharp.md
		Readme.md = Readme.md
	EndProjectSection
EndProject
Project("{FAE04EC0-301F-11D3-BF4B-00C04F79EFBC}") = "ComputerScience", "ComputerScience\ComputerScience.csproj", "{212D40DF-2E38-4349-BE60-6E898B1FB82F}"
EndProject
Project("{FAE04EC0-301F-11D3-BF4B-00C04F79EFBC}") = "CSharp", "CSharp\CSharp.csproj", "{28635F18-590A-47C6-9569-EC6F1206AD58}"
EndProject
Global
	GlobalSection(SolutionConfigurationPlatforms) = preSolution
		Debug|Any CPU = Debug|Any CPU
		Release|Any CPU = Release|Any CPU
	EndGlobalSection
	GlobalSection(ProjectConfigurationPlatforms) = postSolution
		{212D40DF-2E38-4349-BE60-6E898B1FB82F}.Debug|Any CPU.ActiveCfg = Debug|Any CPU
		{212D40DF-2E38-4349-BE60-6E898B1FB82F}.Debug|Any CPU.Build.0 = Debug|Any CPU
		{212D40DF-2E38-4349-BE60-6E898B1FB82F}.Release|Any CPU.ActiveCfg = Release|Any CPU
		{212D40DF-2E38-4349-BE60-6E898B1FB82F}.Release|Any CPU.Build.0 = Release|Any CPU
		{28635F18-590A-47C6-9569-EC6F1206AD58}.Debug|Any CPU.ActiveCfg = Debug|Any CPU
		{28635F18-590A-47C6-9569-EC6F1206AD58}.Debug|Any CPU.Build.0 = Debug|Any CPU
		{28635F18-590A-47C6-9569-EC6F1206AD58}.Release|Any CPU.ActiveCfg = Release|Any CPU
		{28635F18-590A-47C6-9569-EC6F1206AD58}.Release|Any CPU.Build.0 = Release|Any CPU
	EndGlobalSection
	GlobalSection(SolutionProperties) = preSolution
		HideSolutionNode = FALSE
	EndGlobalSection
EndGlobal
